
Microsoft Visual Studio Solution File, Format Version 12.00
# Visual Studio Version 16
VisualStudioVersion = 16.0.31624.102
MinimumVisualStudioVersion = 10.0.40219.1
Project("{FAE04EC0-301F-11D3-BF4B-00C04F79EFBC}") = "Design", "Design\Design.csproj", "{059AF1EC-ECEB-4596-9EE5-CE8DA370662C}"
EndProject
Global
	GlobalSection(SolutionConfigurationPlatforms) = preSolution
		Debug|Any CPU = Debug|Any CPU
		Release|Any CPU = Release|Any CPU
	EndGlobalSection
	GlobalSection(ProjectConfigurationPlatforms) = postSolution
		{059AF1EC-ECEB-4596-9EE5-CE8DA370662C}.Debug|Any CPU.ActiveCfg = Debug|Any CPU
		{059AF1EC-ECEB-4596-9EE5-CE8DA370662C}.Debug|Any CPU.Build.0 = Debug|Any CPU
		{059AF1EC-ECEB-4596-9EE5-CE8DA370662C}.Release|Any CPU.ActiveCfg = Release|Any CPU
		{059AF1EC-ECEB-4596-9EE5-CE8DA370662C}.Release|Any CPU.Build.0 = Release|Any CPU
	EndGlobalSection
	GlobalSection(SolutionProperties) = preSolution
		HideSolutionNode = FALSE
	EndGlobalSection
	GlobalSection(ExtensibilityGlobals) = postSolution
		SolutionGuid = {C203F6A4-5C70-41B4-9A91-E68D702B68E9}
	EndGlobalSection
EndGlobal
